// !$*UTF8*$!
{
	archiveVersion = 1;
	classes = {
	};
	objectVersion = 50;
	objects = {

/* Begin PBXBuildFile section */
		36A2DEE995B532AC68F2C57E /* Pods_Weather.framework in Frameworks */ = {isa = PBXBuildFile; fileRef = ECDC9243425D8EF5391EED0F /* Pods_Weather.framework */; };
		A000C2E3232AC31500032BBC /* CityViewController.swift in Sources */ = {isa = PBXBuildFile; fileRef = A000C2E2232AC31500032BBC /* CityViewController.swift */; };
		A000C2E5232AC3D500032BBC /* CurrentWeather.swift in Sources */ = {isa = PBXBuildFile; fileRef = A000C2E4232AC3D500032BBC /* CurrentWeather.swift */; };
		A003D2CC23298C5200048147 /* AppDelegate.swift in Sources */ = {isa = PBXBuildFile; fileRef = A003D2CB23298C5200048147 /* AppDelegate.swift */; };
		A003D2D123298C5200048147 /* Main.storyboard in Resources */ = {isa = PBXBuildFile; fileRef = A003D2CF23298C5200048147 /* Main.storyboard */; };
		A003D2D423298C5200048147 /* Weather.xcdatamodeld in Sources */ = {isa = PBXBuildFile; fileRef = A003D2D223298C5200048147 /* Weather.xcdatamodeld */; };
		A003D2D623298C5300048147 /* Assets.xcassets in Resources */ = {isa = PBXBuildFile; fileRef = A003D2D523298C5300048147 /* Assets.xcassets */; };
		A003D2D923298C5300048147 /* LaunchScreen.storyboard in Resources */ = {isa = PBXBuildFile; fileRef = A003D2D723298C5300048147 /* LaunchScreen.storyboard */; };
/* End PBXBuildFile section */

/* Begin PBXFileReference section */
		12FDB1289B784EB1B4BF278A /* Pods-Weather.debug.xcconfig */ = {isa = PBXFileReference; includeInIndex = 1; lastKnownFileType = text.xcconfig; name = "Pods-Weather.debug.xcconfig"; path = "Target Support Files/Pods-Weather/Pods-Weather.debug.xcconfig"; sourceTree = "<group>"; };
		A000C2E2232AC31500032BBC /* CityViewController.swift */ = {isa = PBXFileReference; lastKnownFileType = sourcecode.swift; path = CityViewController.swift; sourceTree = "<group>"; };
		A000C2E4232AC3D500032BBC /* CurrentWeather.swift */ = {isa = PBXFileReference; lastKnownFileType = sourcecode.swift; path = CurrentWeather.swift; sourceTree = "<group>"; };
		A003D2C823298C5100048147 /* Weather.app */ = {isa = PBXFileReference; explicitFileType = wrapper.application; includeInIndex = 0; path = Weather.app; sourceTree = BUILT_PRODUCTS_DIR; };
		A003D2CB23298C5200048147 /* AppDelegate.swift */ = {isa = PBXFileReference; lastKnownFileType = sourcecode.swift; path = AppDelegate.swift; sourceTree = "<group>"; };
		A003D2D023298C5200048147 /* Base */ = {isa = PBXFileReference; lastKnownFileType = file.storyboard; name = Base; path = Base.lproj/Main.storyboard; sourceTree = "<group>"; };
		A003D2D323298C5200048147 /* Weather.xcdatamodel */ = {isa = PBXFileReference; lastKnownFileType = wrapper.xcdatamodel; path = Weather.xcdatamodel; sourceTree = "<group>"; };
		A003D2D523298C5300048147 /* Assets.xcassets */ = {isa = PBXFileReference; lastKnownFileType = folder.assetcatalog; path = Assets.xcassets; sourceTree = "<group>"; };
		A003D2D823298C5300048147 /* Base */ = {isa = PBXFileReference; lastKnownFileType = file.storyboard; name = Base; path = Base.lproj/LaunchScreen.storyboard; sourceTree = "<group>"; };
		A003D2DA23298C5300048147 /* Info.plist */ = {isa = PBXFileReference; lastKnownFileType = text.plist.xml; path = Info.plist; sourceTree = "<group>"; };
		B679AB1D0491A4A6255E8FDA /* Pods-Weather.release.xcconfig */ = {isa = PBXFileReference; includeInIndex = 1; lastKnownFileType = text.xcconfig; name = "Pods-Weather.release.xcconfig"; path = "Target Support Files/Pods-Weather/Pods-Weather.release.xcconfig"; sourceTree = "<group>"; };
		ECDC9243425D8EF5391EED0F /* Pods_Weather.framework */ = {isa = PBXFileReference; explicitFileType = wrapper.framework; includeInIndex = 0; path = Pods_Weather.framework; sourceTree = BUILT_PRODUCTS_DIR; };
/* End PBXFileReference section */

/* Begin PBXFrameworksBuildPhase section */
		A003D2C523298C5100048147 /* Frameworks */ = {
			isa = PBXFrameworksBuildPhase;
			buildActionMask = 2147483647;
			files = (
				36A2DEE995B532AC68F2C57E /* Pods_Weather.framework in Frameworks */,
			);
			runOnlyForDeploymentPostprocessing = 0;
		};
/* End PBXFrameworksBuildPhase section */

/* Begin PBXGroup section */
		A000C2DD232AC08B00032BBC /* Controllers */ = {
			isa = PBXGroup;
			children = (
				A000C2E2232AC31500032BBC /* CityViewController.swift */,
			);
			path = Controllers;
			sourceTree = "<group>";
		};
		A000C2DE232AC0B800032BBC /* Storyboards */ = {
			isa = PBXGroup;
			children = (
				A003D2CF23298C5200048147 /* Main.storyboard */,
			);
			path = Storyboards;
			sourceTree = "<group>";
		};
		A000C2DF232AC0C300032BBC /* Views */ = {
			isa = PBXGroup;
			children = (
			);
			path = Views;
			sourceTree = "<group>";
		};
		A000C2E0232AC0C900032BBC /* Services */ = {
			isa = PBXGroup;
			children = (
			);
			path = Services;
			sourceTree = "<group>";
		};
		A000C2E1232AC0D300032BBC /* Models */ = {
			isa = PBXGroup;
			children = (
				A000C2E4232AC3D500032BBC /* CurrentWeather.swift */,
			);
			path = Models;
			sourceTree = "<group>";
		};
		A003D2BF23298C5100048147 = {
			isa = PBXGroup;
			children = (
				A003D2CA23298C5100048147 /* Weather */,
				A003D2C923298C5100048147 /* Products */,
				AE5607090FF9650C1F1B47EB /* Pods */,
				E5DBA5FA08BA3CBAD3B25FC5 /* Frameworks */,
			);
			sourceTree = "<group>";
		};
		A003D2C923298C5100048147 /* Products */ = {
			isa = PBXGroup;
			children = (
				A003D2C823298C5100048147 /* Weather.app */,
			);
			name = Products;
			sourceTree = "<group>";
		};
		A003D2CA23298C5100048147 /* Weather */ = {
			isa = PBXGroup;
			children = (
				A000C2E1232AC0D300032BBC /* Models */,
				A000C2E0232AC0C900032BBC /* Services */,
				A000C2DF232AC0C300032BBC /* Views */,
				A000C2DE232AC0B800032BBC /* Storyboards */,
				A000C2DD232AC08B00032BBC /* Controllers */,
				A003D2CB23298C5200048147 /* AppDelegate.swift */,
				A003D2D523298C5300048147 /* Assets.xcassets */,
				A003D2D723298C5300048147 /* LaunchScreen.storyboard */,
				A003D2DA23298C5300048147 /* Info.plist */,
				A003D2D223298C5200048147 /* Weather.xcdatamodeld */,
			);
			path = Weather;
			sourceTree = "<group>";
		};
		AE5607090FF9650C1F1B47EB /* Pods */ = {
			isa = PBXGroup;
			children = (
				12FDB1289B784EB1B4BF278A /* Pods-Weather.debug.xcconfig */,
				B679AB1D0491A4A6255E8FDA /* Pods-Weather.release.xcconfig */,
			);
			path = Pods;
			sourceTree = "<group>";
		};
		E5DBA5FA08BA3CBAD3B25FC5 /* Frameworks */ = {
			isa = PBXGroup;
			children = (
				ECDC9243425D8EF5391EED0F /* Pods_Weather.framework */,
			);
			name = Frameworks;
			sourceTree = "<group>";
		};
/* End PBXGroup section */

/* Begin PBXNativeTarget section */
		A003D2C723298C5100048147 /* Weather */ = {
			isa = PBXNativeTarget;
			buildConfigurationList = A003D2DD23298C5300048147 /* Build configuration list for PBXNativeTarget "Weather" */;
			buildPhases = (
				E3478C9860D5183E879D6DB7 /* [CP] Check Pods Manifest.lock */,
				A003D2C423298C5100048147 /* Sources */,
				A003D2C523298C5100048147 /* Frameworks */,
				A003D2C623298C5100048147 /* Resources */,
			);
			buildRules = (
			);
			dependencies = (
			);
			name = Weather;
			productName = Weather;
			productReference = A003D2C823298C5100048147 /* Weather.app */;
			productType = "com.apple.product-type.application";
		};
/* End PBXNativeTarget section */

/* Begin PBXProject section */
		A003D2C023298C5100048147 /* Project object */ = {
			isa = PBXProject;
			attributes = {
				LastSwiftUpdateCheck = 1030;
				LastUpgradeCheck = 1030;
				ORGANIZATIONNAME = "Arber Basha";
				TargetAttributes = {
					A003D2C723298C5100048147 = {
						CreatedOnToolsVersion = 10.3;
					};
				};
			};
			buildConfigurationList = A003D2C323298C5100048147 /* Build configuration list for PBXProject "Weather" */;
			compatibilityVersion = "Xcode 9.3";
			developmentRegion = en;
			hasScannedForEncodings = 0;
			knownRegions = (
				en,
				Base,
			);
			mainGroup = A003D2BF23298C5100048147;
			productRefGroup = A003D2C923298C5100048147 /* Products */;
			projectDirPath = "";
			projectRoot = "";
			targets = (
				A003D2C723298C5100048147 /* Weather */,
			);
		};
/* End PBXProject section */

/* Begin PBXResourcesBuildPhase section */
		A003D2C623298C5100048147 /* Resources */ = {
			isa = PBXResourcesBuildPhase;
			buildActionMask = 2147483647;
			files = (
				A003D2D923298C5300048147 /* LaunchScreen.storyboard in Resources */,
				A003D2D623298C5300048147 /* Assets.xcassets in Resources */,
				A003D2D123298C5200048147 /* Main.storyboard in Resources */,
			);
			runOnlyForDeploymentPostprocessing = 0;
		};
/* End PBXResourcesBuildPhase section */

/* Begin PBXShellScriptBuildPhase section */
		E3478C9860D5183E879D6DB7 /* [CP] Check Pods Manifest.lock */ = {
			isa = PBXShellScriptBuildPhase;
			buildActionMask = 2147483647;
			files = (
			);
			inputFileListPaths = (
			);
			inputPaths = (
				"${PODS_PODFILE_DIR_PATH}/Podfile.lock",
				"${PODS_ROOT}/Manifest.lock",
			);
			name = "[CP] Check Pods Manifest.lock";
			outputFileListPaths = (
			);
			outputPaths = (
				"$(DERIVED_FILE_DIR)/Pods-Weather-checkManifestLockResult.txt",
			);
			runOnlyForDeploymentPostprocessing = 0;
			shellPath = /bin/sh;
			shellScript = "diff \"${PODS_PODFILE_DIR_PATH}/Podfile.lock\" \"${PODS_ROOT}/Manifest.lock\" > /dev/null\nif [ $? != 0 ] ; then\n    # print error to STDERR\n    echo \"error: The sandbox is not in sync with the Podfile.lock. Run 'pod install' or update your CocoaPods installation.\" >&2\n    exit 1\nfi\n# This output is used by Xcode 'outputs' to avoid re-running this script phase.\necho \"SUCCESS\" > \"${SCRIPT_OUTPUT_FILE_0}\"\n";
			showEnvVarsInLog = 0;
		};
/* End PBXShellScriptBuildPhase section */

/* Begin PBXSourcesBuildPhase section */
		A003D2C423298C5100048147 /* Sources */ = {
			isa = PBXSourcesBuildPhase;
			buildActionMask = 2147483647;
			files = (
				A003D2D423298C5200048147 /* Weather.xcdatamodeld in Sources */,
				A003D2CC23298C5200048147 /* AppDelegate.swift in Sources */,
				A000C2E5232AC3D500032BBC /* CurrentWeather.swift in Sources */,
				A000C2E3232AC31500032BBC /* CityViewController.swift in Sources */,
			);
			runOnlyForDeploymentPostprocessing = 0;
		};
/* End PBXSourcesBuildPhase section */

/* Begin PBXVariantGroup section */
		A003D2CF23298C5200048147 /* Main.storyboard */ = {
			isa = PBXVariantGroup;
			children = (
				A003D2D023298C5200048147 /* Base */,
			);
			name = Main.storyboard;
			sourceTree = "<group>";
		};
		A003D2D723298C5300048147 /* LaunchScreen.storyboard */ = {
			isa = PBXVariantGroup;
			children = (
				A003D2D823298C5300048147 /* Base */,
			);
			name = LaunchScreen.storyboard;
			sourceTree = "<group>";
		};
/* End PBXVariantGroup section */

/* Begin XCBuildConfiguration section */
		A003D2DB23298C5300048147 /* Debug */ = {
			isa = XCBuildConfiguration;
			buildSettings = {
				ALWAYS_SEARCH_USER_PATHS = NO;
				CLANG_ANALYZER_NONNULL = YES;
				CLANG_ANALYZER_NUMBER_OBJECT_CONVERSION = YES_AGGRESSIVE;
				CLANG_CXX_LANGUAGE_STANDARD = "gnu++14";
				CLANG_CXX_LIBRARY = "libc++";
				CLANG_ENABLE_MODULES = YES;
				CLANG_ENABLE_OBJC_ARC = YES;
				CLANG_ENABLE_OBJC_WEAK = YES;
				CLANG_WARN_BLOCK_CAPTURE_AUTORELEASING = YES;
				CLANG_WARN_BOOL_CONVERSION = YES;
				CLANG_WARN_COMMA = YES;
				CLANG_WARN_CONSTANT_CONVERSION = YES;
				CLANG_WARN_DEPRECATED_OBJC_IMPLEMENTATIONS = YES;
				CLANG_WARN_DIRECT_OBJC_ISA_USAGE = YES_ERROR;
				CLANG_WARN_DOCUMENTATION_COMMENTS = YES;
				CLANG_WARN_EMPTY_BODY = YES;
				CLANG_WARN_ENUM_CONVERSION = YES;
				CLANG_WARN_INFINITE_RECURSION = YES;
				CLANG_WARN_INT_CONVERSION = YES;
				CLANG_WARN_NON_LITERAL_NULL_CONVERSION = YES;
				CLANG_WARN_OBJC_IMPLICIT_RETAIN_SELF = YES;
				CLANG_WARN_OBJC_LITERAL_CONVERSION = YES;
				CLANG_WARN_OBJC_ROOT_CLASS = YES_ERROR;
				CLANG_WARN_RANGE_LOOP_ANALYSIS = YES;
				CLANG_WARN_STRICT_PROTOTYPES = YES;
				CLANG_WARN_SUSPICIOUS_MOVE = YES;
				CLANG_WARN_UNGUARDED_AVAILABILITY = YES_AGGRESSIVE;
				CLANG_WARN_UNREACHABLE_CODE = YES;
				CLANG_WARN__DUPLICATE_METHOD_MATCH = YES;
				CODE_SIGN_IDENTITY = "iPhone Developer";
				COPY_PHASE_STRIP = NO;
				DEBUG_INFORMATION_FORMAT = dwarf;
				ENABLE_STRICT_OBJC_MSGSEND = YES;
				ENABLE_TESTABILITY = YES;
				GCC_C_LANGUAGE_STANDARD = gnu11;
				GCC_DYNAMIC_NO_PIC = NO;
				GCC_NO_COMMON_BLOCKS = YES;
				GCC_OPTIMIZATION_LEVEL = 0;
				GCC_PREPROCESSOR_DEFINITIONS = (
					"DEBUG=1",
					"$(inherited)",
				);
				GCC_WARN_64_TO_32_BIT_CONVERSION = YES;
				GCC_WARN_ABOUT_RETURN_TYPE = YES_ERROR;
				GCC_WARN_UNDECLARED_SELECTOR = YES;
				GCC_WARN_UNINITIALIZED_AUTOS = YES_AGGRESSIVE;
				GCC_WARN_UNUSED_FUNCTION = YES;
				GCC_WARN_UNUSED_VARIABLE = YES;
				IPHONEOS_DEPLOYMENT_TARGET = 12.4;
				MTL_ENABLE_DEBUG_INFO = INCLUDE_SOURCE;
				MTL_FAST_MATH = YES;
				ONLY_ACTIVE_ARCH = YES;
				SDKROOT = iphoneos;
				SWIFT_ACTIVE_COMPILATION_CONDITIONS = DEBUG;
				SWIFT_OPTIMIZATION_LEVEL = "-Onone";
			};
			name = Debug;
		};
		A003D2DC23298C5300048147 /* Release */ = {
			isa = XCBuildConfiguration;
			buildSettings = {
				ALWAYS_SEARCH_USER_PATHS = NO;
				CLANG_ANALYZER_NONNULL = YES;
				CLANG_ANALYZER_NUMBER_OBJECT_CONVERSION = YES_AGGRESSIVE;
				CLANG_CXX_LANGUAGE_STANDARD = "gnu++14";
				CLANG_CXX_LIBRARY = "libc++";
				CLANG_ENABLE_MODULES = YES;
				CLANG_ENABLE_OBJC_ARC = YES;
				CLANG_ENABLE_OBJC_WEAK = YES;
				CLANG_WARN_BLOCK_CAPTURE_AUTORELEASING = YES;
				CLANG_WARN_BOOL_CONVERSION = YES;
				CLANG_WARN_COMMA = YES;
				CLANG_WARN_CONSTANT_CONVERSION = YES;
				CLANG_WARN_DEPRECATED_OBJC_IMPLEMENTATIONS = YES;
				CLANG_WARN_DIRECT_OBJC_ISA_USAGE = YES_ERROR;
				CLANG_WARN_DOCUMENTATION_COMMENTS = YES;
				CLANG_WARN_EMPTY_BODY = YES;
				CLANG_WARN_ENUM_CONVERSION = YES;
				CLANG_WARN_INFINITE_RECURSION = YES;
				CLANG_WARN_INT_CONVERSION = YES;
				CLANG_WARN_NON_LITERAL_NULL_CONVERSION = YES;
				CLANG_WARN_OBJC_IMPLICIT_RETAIN_SELF = YES;
				CLANG_WARN_OBJC_LITERAL_CONVERSION = YES;
				CLANG_WARN_OBJC_ROOT_CLASS = YES_ERROR;
				CLANG_WARN_RANGE_LOOP_ANALYSIS = YES;
				CLANG_WARN_STRICT_PROTOTYPES = YES;
				CLANG_WARN_SUSPICIOUS_MOVE = YES;
				CLANG_WARN_UNGUARDED_AVAILABILITY = YES_AGGRESSIVE;
				CLANG_WARN_UNREACHABLE_CODE = YES;
				CLANG_WARN__DUPLICATE_METHOD_MATCH = YES;
				CODE_SIGN_IDENTITY = "iPhone Developer";
				COPY_PHASE_STRIP = NO;
				DEBUG_INFORMATION_FORMAT = "dwarf-with-dsym";
				ENABLE_NS_ASSERTIONS = NO;
				ENABLE_STRICT_OBJC_MSGSEND = YES;
				GCC_C_LANGUAGE_STANDARD = gnu11;
				GCC_NO_COMMON_BLOCKS = YES;
				GCC_WARN_64_TO_32_BIT_CONVERSION = YES;
				GCC_WARN_ABOUT_RETURN_TYPE = YES_ERROR;
				GCC_WARN_UNDECLARED_SELECTOR = YES;
				GCC_WARN_UNINITIALIZED_AUTOS = YES_AGGRESSIVE;
				GCC_WARN_UNUSED_FUNCTION = YES;
				GCC_WARN_UNUSED_VARIABLE = YES;
				IPHONEOS_DEPLOYMENT_TARGET = 12.4;
				MTL_ENABLE_DEBUG_INFO = NO;
				MTL_FAST_MATH = YES;
				SDKROOT = iphoneos;
				SWIFT_COMPILATION_MODE = wholemodule;
				SWIFT_OPTIMIZATION_LEVEL = "-O";
				VALIDATE_PRODUCT = YES;
			};
			name = Release;
		};
		A003D2DE23298C5300048147 /* Debug */ = {
			isa = XCBuildConfiguration;
			baseConfigurationReference = 12FDB1289B784EB1B4BF278A /* Pods-Weather.debug.xcconfig */;
			buildSettings = {
				ASSETCATALOG_COMPILER_APPICON_NAME = AppIcon;
				CODE_SIGN_STYLE = Automatic;
				DEVELOPMENT_TEAM = TPD86YV292;
				INFOPLIST_FILE = Weather/Info.plist;
				LD_RUNPATH_SEARCH_PATHS = (
					"$(inherited)",
					"@executable_path/Frameworks",
				);
				PRODUCT_BUNDLE_IDENTIFIER = ab.Weather;
				PRODUCT_NAME = "$(TARGET_NAME)";
				SWIFT_VERSION = 5.0;
				TARGETED_DEVICE_FAMILY = "1,2";
			};
			name = Debug;
		};
		A003D2DF23298C5300048147 /* Release */ = {
			isa = XCBuildConfiguration;
			baseConfigurationReference = B679AB1D0491A4A6255E8FDA /* Pods-Weather.release.xcconfig */;
			buildSettings = {
				ASSETCATALOG_COMPILER_APPICON_NAME = AppIcon;
				CODE_SIGN_STYLE = Automatic;
				DEVELOPMENT_TEAM = TPD86YV292;
				INFOPLIST_FILE = Weather/Info.plist;
				LD_RUNPATH_SEARCH_PATHS = (
					"$(inherited)",
					"@executable_path/Frameworks",
				);
				PRODUCT_BUNDLE_IDENTIFIER = ab.Weather;
				PRODUCT_NAME = "$(TARGET_NAME)";
				SWIFT_VERSION = 5.0;
				TARGETED_DEVICE_FAMILY = "1,2";
			};
			name = Release;
		};
/* End XCBuildConfiguration section */

/* Begin XCConfigurationList section */
		A003D2C323298C5100048147 /* Build configuration list for PBXProject "Weather" */ = {
			isa = XCConfigurationList;
			buildConfigurations = (
				A003D2DB23298C5300048147 /* Debug */,
				A003D2DC23298C5300048147 /* Release */,
			);
			defaultConfigurationIsVisible = 0;
			defaultConfigurationName = Release;
		};
		A003D2DD23298C5300048147 /* Build configuration list for PBXNativeTarget "Weather" */ = {
			isa = XCConfigurationList;
			buildConfigurations = (
				A003D2DE23298C5300048147 /* Debug */,
				A003D2DF23298C5300048147 /* Release */,
			);
			defaultConfigurationIsVisible = 0;
			defaultConfigurationName = Release;
		};
/* End XCConfigurationList section */

/* Begin XCVersionGroup section */
		A003D2D223298C5200048147 /* Weather.xcdatamodeld */ = {
			isa = XCVersionGroup;
			children = (
				A003D2D323298C5200048147 /* Weather.xcdatamodel */,
			);
			currentVersion = A003D2D323298C5200048147 /* Weather.xcdatamodel */;
			path = Weather.xcdatamodeld;
			sourceTree = "<group>";
			versionGroupType = wrapper.xcdatamodel;
		};
/* End XCVersionGroup section */
	};
	rootObject = A003D2C023298C5100048147 /* Project object */;
}
